
Microsoft Visual Studio Solution File, Format Version 12.00
# Visual Studio 2015
Project("{FAE04EC0-301F-11D3-BF4B-00C04F79EFBC}") = "Bubble Ray-casting", "Bubble Ray-casting.csproj", "{DFDCA559-0372-3C9D-D0C6-0CE2002C49E9}"
EndProject
Project("{FAE04EC0-301F-11D3-BF4B-00C04F79EFBC}") = "Bubble Ray-casting.Editor", "Bubble Ray-casting.Editor.csproj", "{93368D88-705E-1E74-9D1F-9BFF63FEDB03}"
EndProject
Global
	GlobalSection(SolutionConfigurationPlatforms) = preSolution
		Debug|Any CPU = Debug|Any CPU
		Release|Any CPU = Release|Any CPU
	EndGlobalSection
	GlobalSection(ProjectConfigurationPlatforms) = postSolution
		{DFDCA559-0372-3C9D-D0C6-0CE2002C49E9}.Debug|Any CPU.ActiveCfg = Debug|Any CPU
		{DFDCA559-0372-3C9D-D0C6-0CE2002C49E9}.Debug|Any CPU.Build.0 = Debug|Any CPU
		{DFDCA559-0372-3C9D-D0C6-0CE2002C49E9}.Release|Any CPU.ActiveCfg = Release|Any CPU
		{DFDCA559-0372-3C9D-D0C6-0CE2002C49E9}.Release|Any CPU.Build.0 = Release|Any CPU
		{93368D88-705E-1E74-9D1F-9BFF63FEDB03}.Debug|Any CPU.ActiveCfg = Debug|Any CPU
		{93368D88-705E-1E74-9D1F-9BFF63FEDB03}.Debug|Any CPU.Build.0 = Debug|Any CPU
		{93368D88-705E-1E74-9D1F-9BFF63FEDB03}.Release|Any CPU.ActiveCfg = Release|Any CPU
		{93368D88-705E-1E74-9D1F-9BFF63FEDB03}.Release|Any CPU.Build.0 = Release|Any CPU
	EndGlobalSection
	GlobalSection(SolutionProperties) = preSolution
		HideSolutionNode = FALSE
	EndGlobalSection
EndGlobal
